{
    __meta__ = {
        version = "1.0"
    },
    ["windows|x64"] = {
        ["cmake#f56260b5"] = {
            repo = {
                branch = "master",
                commit = "8917c2f7818847fead2be9b3b6f77d90d97323f3",
                url = "https://github.com/xmake-io/xmake-repo.git"
            },
            version = "4.2.3"
        },
        ["directxmath 2024.02#f56260b5"] = {
            repo = {
                branch = "master",
                commit = "75a2ed63e06b1637b2621463e3b26780972fdf1d",
                url = "https://gitlab.com/tboox/xmake-repo.git"
            },
            version = "2024.02"
        },
        ["directxtk 24.2.0#f56260b5"] = {
            repo = {
                branch = "master",
                commit = "75a2ed63e06b1637b2621463e3b26780972fdf1d",
                url = "https://gitlab.com/tboox/xmake-repo.git"
            },
            version = "24.2.0"
        },
        ["ninja#f56260b5"] = {
            repo = {
                branch = "master",
                commit = "8917c2f7818847fead2be9b3b6f77d90d97323f3",
                url = "https://github.com/xmake-io/xmake-repo.git"
            },
            version = "v1.13.1"
        },
        ["rapidcsv v8.92#f56260b5"] = {
            repo = {
                branch = "master",
                commit = "75a2ed63e06b1637b2621463e3b26780972fdf1d",
                url = "https://gitlab.com/tboox/xmake-repo.git"
            },
            version = "v8.92"
        },
        ["safetyhook#f56260b5"] = {
            repo = {
                branch = "master",
                commit = "8917c2f7818847fead2be9b3b6f77d90d97323f3",
                url = "https://github.com/xmake-io/xmake-repo.git"
            },
            version = "v0.6.9"
        },
        ["spdlog v1.16.0#09c8c173"] = {
            repo = {
                branch = "master",
                commit = "822093d54b0fb3553684436e49e1e65c62a94086",
                url = "https://gitlab.com/tboox/xmake-repo.git"
            },
            version = "v1.16.0"
        },
        ["zycore-c v1.5.0#f56260b5"] = {
            repo = {
                branch = "master",
                commit = "8917c2f7818847fead2be9b3b6f77d90d97323f3",
                url = "https://github.com/xmake-io/xmake-repo.git"
            },
            version = "v1.5.0"
        },
        ["zydis 4.1.0#f56260b5"] = {
            repo = {
                branch = "master",
                commit = "8917c2f7818847fead2be9b3b6f77d90d97323f3",
                url = "https://github.com/xmake-io/xmake-repo.git"
            },
            version = "v4.1.0"
        }
    }
}